
Microsoft Visual Studio Solution File, Format Version 12.00
# Visual Studio Version 16
VisualStudioVersion = 16.0.28803.156
MinimumVisualStudioVersion = 10.0.40219.1
Project("{FAE04EC0-301F-11D3-BF4B-00C04F79EFBC}") = "SevenLang.Core", "SevenLang.Core\SevenLang.Core.csproj", "{C5B88427-9082-4F0D-9D57-339ACE1F555D}"
EndProject
Project("{FAE04EC0-301F-11D3-BF4B-00C04F79EFBC}") = "SevenLang.Test", "SevenLang.Test\SevenLang.Test.csproj", "{2D238C12-8971-4412-B48D-0770F7E24DD9}"
EndProject
Project("{FAE04EC0-301F-11D3-BF4B-00C04F79EFBC}") = "SevenLang.Sample", "SevenLang.Sample\SevenLang.Sample.csproj", "{B17B8345-FE98-47E6-9A4B-8C2532386619}"
EndProject
Global
	GlobalSection(SolutionConfigurationPlatforms) = preSolution
		Debug|Any CPU = Debug|Any CPU
		Release|Any CPU = Release|Any CPU
	EndGlobalSection
	GlobalSection(ProjectConfigurationPlatforms) = postSolution
		{C5B88427-9082-4F0D-9D57-339ACE1F555D}.Debug|Any CPU.ActiveCfg = Debug|Any CPU
		{C5B88427-9082-4F0D-9D57-339ACE1F555D}.Debug|Any CPU.Build.0 = Debug|Any CPU
		{C5B88427-9082-4F0D-9D57-339ACE1F555D}.Release|Any CPU.ActiveCfg = Release|Any CPU
		{C5B88427-9082-4F0D-9D57-339ACE1F555D}.Release|Any CPU.Build.0 = Release|Any CPU
		{2D238C12-8971-4412-B48D-0770F7E24DD9}.Debug|Any CPU.ActiveCfg = Debug|Any CPU
		{2D238C12-8971-4412-B48D-0770F7E24DD9}.Debug|Any CPU.Build.0 = Debug|Any CPU
		{2D238C12-8971-4412-B48D-0770F7E24DD9}.Release|Any CPU.ActiveCfg = Release|Any CPU
		{2D238C12-8971-4412-B48D-0770F7E24DD9}.Release|Any CPU.Build.0 = Release|Any CPU
		{B17B8345-FE98-47E6-9A4B-8C2532386619}.Debug|Any CPU.ActiveCfg = Debug|Any CPU
		{B17B8345-FE98-47E6-9A4B-8C2532386619}.Debug|Any CPU.Build.0 = Debug|Any CPU
		{B17B8345-FE98-47E6-9A4B-8C2532386619}.Release|Any CPU.ActiveCfg = Release|Any CPU
		{B17B8345-FE98-47E6-9A4B-8C2532386619}.Release|Any CPU.Build.0 = Release|Any CPU
	EndGlobalSection
	GlobalSection(SolutionProperties) = preSolution
		HideSolutionNode = FALSE
	EndGlobalSection
	GlobalSection(ExtensibilityGlobals) = postSolution
		SolutionGuid = {C7984336-6E90-4BD4-AB79-5CF68A9ED309}
	EndGlobalSection
EndGlobal
